
Microsoft Visual Studio Solution File, Format Version 12.00
# Visual Studio 15
VisualStudioVersion = 15.0.28010.2046
MinimumVisualStudioVersion = 10.0.40219.1
Project("{8BC9CEB8-8B4A-11D0-8D11-00A0C91BC942}") = "Unit-test", "Unit-test\Unit-test.vcxproj", "{26FD02D1-1026-4389-B1CA-C92435E11B34}"
EndProject
Project("{8BC9CEB8-8B4A-11D0-8D11-00A0C91BC942}") = "TestOOP", "TestOOP\TestOOP.vcxproj", "{F82FE8EF-B01F-4E67-9253-A140B59813B8}"
EndProject
Global
	GlobalSection(SolutionConfigurationPlatforms) = preSolution
		Debug|x64 = Debug|x64
		Debug|x86 = Debug|x86
		Release|x64 = Release|x64
		Release|x86 = Release|x86
	EndGlobalSection
	GlobalSection(ProjectConfigurationPlatforms) = postSolution
		{26FD02D1-1026-4389-B1CA-C92435E11B34}.Debug|x64.ActiveCfg = Debug|x64
		{26FD02D1-1026-4389-B1CA-C92435E11B34}.Debug|x64.Build.0 = Debug|x64
		{26FD02D1-1026-4389-B1CA-C92435E11B34}.Debug|x86.ActiveCfg = Debug|Win32
		{26FD02D1-1026-4389-B1CA-C92435E11B34}.Debug|x86.Build.0 = Debug|Win32
		{26FD02D1-1026-4389-B1CA-C92435E11B34}.Release|x64.ActiveCfg = Release|x64
		{26FD02D1-1026-4389-B1CA-C92435E11B34}.Release|x64.Build.0 = Release|x64
		{26FD02D1-1026-4389-B1CA-C92435E11B34}.Release|x86.ActiveCfg = Release|Win32
		{26FD02D1-1026-4389-B1CA-C92435E11B34}.Release|x86.Build.0 = Release|Win32
		{F82FE8EF-B01F-4E67-9253-A140B59813B8}.Debug|x64.ActiveCfg = Debug|x64
		{F82FE8EF-B01F-4E67-9253-A140B59813B8}.Debug|x64.Build.0 = Debug|x64
		{F82FE8EF-B01F-4E67-9253-A140B59813B8}.Debug|x86.ActiveCfg = Debug|Win32
		{F82FE8EF-B01F-4E67-9253-A140B59813B8}.Debug|x86.Build.0 = Debug|Win32
		{F82FE8EF-B01F-4E67-9253-A140B59813B8}.Release|x64.ActiveCfg = Release|x64
		{F82FE8EF-B01F-4E67-9253-A140B59813B8}.Release|x64.Build.0 = Release|x64
		{F82FE8EF-B01F-4E67-9253-A140B59813B8}.Release|x86.ActiveCfg = Release|Win32
		{F82FE8EF-B01F-4E67-9253-A140B59813B8}.Release|x86.Build.0 = Release|Win32
	EndGlobalSection
	GlobalSection(SolutionProperties) = preSolution
		HideSolutionNode = FALSE
	EndGlobalSection
	GlobalSection(ExtensibilityGlobals) = postSolution
		SolutionGuid = {B1628D6C-BE8C-4BAB-97B8-00C41ECD15C6}
	EndGlobalSection
EndGlobal
